# This file is autogenerated, do not edit; changes may be undone by the next 'dep ensure'.


[[projects]]
  name = "github.com/PuerkitoBio/goquery"
  packages = ["."]
  revision = "09540e565986583836b5fc792fe951ec5fd201dd"
  version = "v1.3.0"

[[projects]]
  name = "github.com/andybalholm/cascadia"
  packages = ["."]
  revision = "901648c87902174f774fac311d7f176f8647bdaa"
  version = "v1.0.0"

[[projects]]
  name = "github.com/cavaliercoder/grab"
  packages = ["."]
  revision = "3b6830dae49bc01e25b4676dae3a2a06c1b1485e"
  version = "v2.0.0"

[[projects]]
  branch = "master"
  name = "github.com/dustin/go-humanize"
  packages = ["."]
  revision = "bb3d318650d48840a39aa21a027c6630e198e626"

[[projects]]
  name = "github.com/gizak/termui"
  packages = ["."]
  revision = "24acd523c756fd9728824cdfac66aad9d8982fb7"
  version = "v2.2.0"

[[projects]]
  name = "github.com/go-yaml/yaml"
  packages = ["."]
  revision = "7f97868eec74b32b0982dd158a51a446d1da7eb5"
  version = "v2.1.1"

[[projects]]
  name = "github.com/maruel/panicparse"
  packages = ["stack"]
  revision = "785840568bdc7faa0dfb1cd6c643207f03271f64"
  version = "v1.1.1"

[[projects]]
  name = "github.com/mattn/go-runewidth"
  packages = ["."]
  revision = "9e777a8366cce605130a531d2cd6363d07ad7317"
  version = "v0.0.2"

[[projects]]
  branch = "master"
  name = "github.com/mitchellh/go-wordwrap"
  packages = ["."]
  revision = "ad45545899c7b13c020ea92b2072220eefad42b8"

[[projects]]
  name = "github.com/mmcdole/gofeed"
  packages = [
    ".",
    "atom",
    "extensions",
    "internal/shared",
    "rss"
  ]
  revision = "42010a154d249f5f753dfe03a6390b59671e403e"
  version = "v1.0.0-beta2"

[[projects]]
  branch = "master"
  name = "github.com/mmcdole/goxpp"
  packages = ["."]
  revision = "77e4a51a73ed99ee3f33c1474dc166866304acbd"

[[projects]]
  branch = "master"
  name = "github.com/nsf/termbox-go"
  packages = ["."]
  revision = "e2050e41c8847748ec5288741c0b19a8cb26d084"

[[projects]]
  branch = "master"
  name = "golang.org/x/net"
  packages = [
    "html",
    "html/atom",
    "html/charset"
  ]
  revision = "24dd3780ca4f75fed9f321890729414a4b5d3f13"

[[projects]]
  name = "golang.org/x/text"
  packages = [
    "encoding",
    "encoding/charmap",
    "encoding/htmlindex",
    "encoding/internal",
    "encoding/internal/identifier",
    "encoding/japanese",
    "encoding/korean",
    "encoding/simplifiedchinese",
    "encoding/traditionalchinese",
    "encoding/unicode",
    "internal/gen",
    "internal/tag",
    "internal/utf8internal",
    "language",
    "runes",
    "transform",
    "unicode/cldr"
  ]
  revision = "f21a4dfb5e38f5895301dc265a8def02365cc3d0"
  version = "v0.3.0"

[solve-meta]
  analyzer-name = "dep"
  analyzer-version = 1
  inputs-digest = "605ade96a75e66269786843a92c333c57e411b8bc13f7bd2ba6aaa75ab8a5880"
  solver-name = "gps-cdcl"
  solver-version = 1
